Microsoft Visual Studio Solution File, Format Version 11.00
# Visual Studio 2008

Project("{49C87B3C-CAC6-9A78-A2E3-451A26ED2B02}") = "Hackers", "Assembly-CSharp.csproj", "{F96CCE63-4AF1-990B-F4CA-3DDFE502D372}"
EndProject
Project("{49C87B3C-CAC6-9A78-A2E3-451A26ED2B02}") = "Hackers", "Assembly-CSharp-Editor.csproj", "{6135F98A-7A63-83E3-175C-4834EDF53398}"
EndProject
Global
	GlobalSection(SolutionConfigurationPlatforms) = preSolution
		Debug|Any CPU = Debug|Any CPU
		Release|Any CPU = Release|Any CPU
	EndGlobalSection
	GlobalSection(ProjectConfigurationPlatforms) = postSolution
		{F96CCE63-4AF1-990B-F4CA-3DDFE502D372}.Debug|Any CPU.ActiveCfg = Debug|Any CPU
		{F96CCE63-4AF1-990B-F4CA-3DDFE502D372}.Debug|Any CPU.Build.0 = Debug|Any CPU
		{F96CCE63-4AF1-990B-F4CA-3DDFE502D372}.Release|Any CPU.ActiveCfg = Release|Any CPU
		{F96CCE63-4AF1-990B-F4CA-3DDFE502D372}.Release|Any CPU.Build.0 = Release|Any CPU
		{6135F98A-7A63-83E3-175C-4834EDF53398}.Debug|Any CPU.ActiveCfg = Debug|Any CPU
		{6135F98A-7A63-83E3-175C-4834EDF53398}.Debug|Any CPU.Build.0 = Debug|Any CPU
		{6135F98A-7A63-83E3-175C-4834EDF53398}.Release|Any CPU.ActiveCfg = Release|Any CPU
		{6135F98A-7A63-83E3-175C-4834EDF53398}.Release|Any CPU.Build.0 = Release|Any CPU
	EndGlobalSection
	GlobalSection(SolutionProperties) = preSolution
		HideSolutionNode = FALSE
	EndGlobalSection
	GlobalSection(MonoDevelopProperties) = preSolution
		StartupItem = Assembly-CSharp.csproj
	EndGlobalSection
EndGlobal
